
Microsoft Visual Studio Solution File, Format Version 12.00
# Visual Studio Version 17
VisualStudioVersion = 17.9.34714.143
MinimumVisualStudioVersion = 10.0.40219.1
Project("{FAE04EC0-301F-11D3-BF4B-00C04F79EFBC}") = "CarrentalWeb", "CarrentalWeb\CarrentalWeb.csproj", "{0BA291CA-EA66-4339-BD4C-8937358AB0DD}"
EndProject
Global
	GlobalSection(SolutionConfigurationPlatforms) = preSolution
		Debug|Any CPU = Debug|Any CPU
		Release|Any CPU = Release|Any CPU
	EndGlobalSection
	GlobalSection(ProjectConfigurationPlatforms) = postSolution
		{0BA291CA-EA66-4339-BD4C-8937358AB0DD}.Debug|Any CPU.ActiveCfg = Debug|Any CPU
		{0BA291CA-EA66-4339-BD4C-8937358AB0DD}.Debug|Any CPU.Build.0 = Debug|Any CPU
		{0BA291CA-EA66-4339-BD4C-8937358AB0DD}.Release|Any CPU.ActiveCfg = Release|Any CPU
		{0BA291CA-EA66-4339-BD4C-8937358AB0DD}.Release|Any CPU.Build.0 = Release|Any CPU
	EndGlobalSection
	GlobalSection(SolutionProperties) = preSolution
		HideSolutionNode = FALSE
	EndGlobalSection
	GlobalSection(ExtensibilityGlobals) = postSolution
		SolutionGuid = {28F55D8B-ED41-479E-83BA-1E953B26E3BC}
	EndGlobalSection
EndGlobal
